
Microsoft Visual Studio Solution File, Format Version 12.00
# Visual Studio Version 16
VisualStudioVersion = 25.0.1706.0
MinimumVisualStudioVersion = 10.0.40219.1
Project("{FAE04EC0-301F-11D3-BF4B-00C04F79EFBC}") = "Apps", "Apps\Apps.csproj", "{1EF8B5ED-4335-4E42-8714-BB9FD5BFC43F}"
EndProject
Project("{FAE04EC0-301F-11D3-BF4B-00C04F79EFBC}") = "DataStructruesLibs", "DataStructruesLibs\DataStructruesLibs.csproj", "{6FA6CAEA-0BE1-4091-938C-722829F9A400}"
EndProject
Global
	GlobalSection(SolutionConfigurationPlatforms) = preSolution
		Debug|Any CPU = Debug|Any CPU
		Release|Any CPU = Release|Any CPU
	EndGlobalSection
	GlobalSection(ProjectConfigurationPlatforms) = postSolution
		{1EF8B5ED-4335-4E42-8714-BB9FD5BFC43F}.Debug|Any CPU.ActiveCfg = Debug|Any CPU
		{1EF8B5ED-4335-4E42-8714-BB9FD5BFC43F}.Debug|Any CPU.Build.0 = Debug|Any CPU
		{1EF8B5ED-4335-4E42-8714-BB9FD5BFC43F}.Release|Any CPU.ActiveCfg = Release|Any CPU
		{1EF8B5ED-4335-4E42-8714-BB9FD5BFC43F}.Release|Any CPU.Build.0 = Release|Any CPU
		{6FA6CAEA-0BE1-4091-938C-722829F9A400}.Debug|Any CPU.ActiveCfg = Debug|Any CPU
		{6FA6CAEA-0BE1-4091-938C-722829F9A400}.Debug|Any CPU.Build.0 = Debug|Any CPU
		{6FA6CAEA-0BE1-4091-938C-722829F9A400}.Release|Any CPU.ActiveCfg = Release|Any CPU
		{6FA6CAEA-0BE1-4091-938C-722829F9A400}.Release|Any CPU.Build.0 = Release|Any CPU
	EndGlobalSection
	GlobalSection(SolutionProperties) = preSolution
		HideSolutionNode = FALSE
	EndGlobalSection
	GlobalSection(ExtensibilityGlobals) = postSolution
		SolutionGuid = {CFD8FFCA-AD38-4581-B82E-964BE3111AB2}
	EndGlobalSection
EndGlobal
